
Microsoft Visual Studio Solution File, Format Version 12.00
# Visual Studio 15
VisualStudioVersion = 15.0.26124.0
MinimumVisualStudioVersion = 15.0.26124.0
Project("{2150E333-8FDC-42A3-9474-1A3956D46DE8}") = "src", "src", "{3D958A81-3C1F-4E3A-9F0A-F4E12E846E46}"
EndProject
Project("{FAE04EC0-301F-11D3-BF4B-00C04F79EFBC}") = "GradeBook", "src\GradeBook\GradeBook.csproj", "{10F9699D-8542-486E-8F66-30706B9CB484}"
EndProject
Project("{2150E333-8FDC-42A3-9474-1A3956D46DE8}") = "test", "test", "{3630F145-B861-4C61-AF8B-26616A02939E}"
EndProject
Project("{FAE04EC0-301F-11D3-BF4B-00C04F79EFBC}") = "Gradebook.Tests", "test\Gradebook.Tests\Gradebook.Tests.csproj", "{ADE37699-EBFD-4C49-B2C1-FA83AD0DA231}"
EndProject
Global
	GlobalSection(SolutionConfigurationPlatforms) = preSolution
		Debug|Any CPU = Debug|Any CPU
		Debug|x64 = Debug|x64
		Debug|x86 = Debug|x86
		Release|Any CPU = Release|Any CPU
		Release|x64 = Release|x64
		Release|x86 = Release|x86
	EndGlobalSection
	GlobalSection(SolutionProperties) = preSolution
		HideSolutionNode = FALSE
	EndGlobalSection
	GlobalSection(ProjectConfigurationPlatforms) = postSolution
		{10F9699D-8542-486E-8F66-30706B9CB484}.Debug|Any CPU.ActiveCfg = Debug|Any CPU
		{10F9699D-8542-486E-8F66-30706B9CB484}.Debug|Any CPU.Build.0 = Debug|Any CPU
		{10F9699D-8542-486E-8F66-30706B9CB484}.Debug|x64.ActiveCfg = Debug|Any CPU
		{10F9699D-8542-486E-8F66-30706B9CB484}.Debug|x64.Build.0 = Debug|Any CPU
		{10F9699D-8542-486E-8F66-30706B9CB484}.Debug|x86.ActiveCfg = Debug|Any CPU
		{10F9699D-8542-486E-8F66-30706B9CB484}.Debug|x86.Build.0 = Debug|Any CPU
		{10F9699D-8542-486E-8F66-30706B9CB484}.Release|Any CPU.ActiveCfg = Release|Any CPU
		{10F9699D-8542-486E-8F66-30706B9CB484}.Release|Any CPU.Build.0 = Release|Any CPU
		{10F9699D-8542-486E-8F66-30706B9CB484}.Release|x64.ActiveCfg = Release|Any CPU
		{10F9699D-8542-486E-8F66-30706B9CB484}.Release|x64.Build.0 = Release|Any CPU
		{10F9699D-8542-486E-8F66-30706B9CB484}.Release|x86.ActiveCfg = Release|Any CPU
		{10F9699D-8542-486E-8F66-30706B9CB484}.Release|x86.Build.0 = Release|Any CPU
		{ADE37699-EBFD-4C49-B2C1-FA83AD0DA231}.Debug|Any CPU.ActiveCfg = Debug|Any CPU
		{ADE37699-EBFD-4C49-B2C1-FA83AD0DA231}.Debug|Any CPU.Build.0 = Debug|Any CPU
		{ADE37699-EBFD-4C49-B2C1-FA83AD0DA231}.Debug|x64.ActiveCfg = Debug|Any CPU
		{ADE37699-EBFD-4C49-B2C1-FA83AD0DA231}.Debug|x64.Build.0 = Debug|Any CPU
		{ADE37699-EBFD-4C49-B2C1-FA83AD0DA231}.Debug|x86.ActiveCfg = Debug|Any CPU
		{ADE37699-EBFD-4C49-B2C1-FA83AD0DA231}.Debug|x86.Build.0 = Debug|Any CPU
		{ADE37699-EBFD-4C49-B2C1-FA83AD0DA231}.Release|Any CPU.ActiveCfg = Release|Any CPU
		{ADE37699-EBFD-4C49-B2C1-FA83AD0DA231}.Release|Any CPU.Build.0 = Release|Any CPU
		{ADE37699-EBFD-4C49-B2C1-FA83AD0DA231}.Release|x64.ActiveCfg = Release|Any CPU
		{ADE37699-EBFD-4C49-B2C1-FA83AD0DA231}.Release|x64.Build.0 = Release|Any CPU
		{ADE37699-EBFD-4C49-B2C1-FA83AD0DA231}.Release|x86.ActiveCfg = Release|Any CPU
		{ADE37699-EBFD-4C49-B2C1-FA83AD0DA231}.Release|x86.Build.0 = Release|Any CPU
	EndGlobalSection
	GlobalSection(NestedProjects) = preSolution
		{10F9699D-8542-486E-8F66-30706B9CB484} = {3D958A81-3C1F-4E3A-9F0A-F4E12E846E46}
		{ADE37699-EBFD-4C49-B2C1-FA83AD0DA231} = {3630F145-B861-4C61-AF8B-26616A02939E}
	EndGlobalSection
EndGlobal
